
Microsoft Visual Studio Solution File, Format Version 12.00
# Visual Studio 2013
VisualStudioVersion = 12.0.30723.0
MinimumVisualStudioVersion = 10.0.40219.1
Project("{8BC9CEB8-8B4A-11D0-8D11-00A0C91BC942}") = "LavaBox", "LavaBox\LavaBox.vcxproj", "{E0C75AF0-A935-4A9F-8F85-FBD1928AC00B}"
	ProjectSection(ProjectDependencies) = postProject
		{BC186A0E-5CD6-439D-BB32-78CBD3389095} = {BC186A0E-5CD6-439D-BB32-78CBD3389095}
	EndProjectSection
EndProject
Project("{8BC9CEB8-8B4A-11D0-8D11-00A0C91BC942}") = "Engine", "..\Engine\Engine\Engine.vcxproj", "{BC186A0E-5CD6-439D-BB32-78CBD3389095}"
EndProject
Project("{8BC9CEB8-8B4A-11D0-8D11-00A0C91BC942}") = "EngineTestMechanics", "..\EngineTestMechanics\EngineTestMechanics.vcxproj", "{BD460A81-9F1F-44CA-9B15-7241D3296A66}"
	ProjectSection(ProjectDependencies) = postProject
		{BC186A0E-5CD6-439D-BB32-78CBD3389095} = {BC186A0E-5CD6-439D-BB32-78CBD3389095}
	EndProjectSection
EndProject
Global
	GlobalSection(SolutionConfigurationPlatforms) = preSolution
		Debug|Win32 = Debug|Win32
		Release|Win32 = Release|Win32
	EndGlobalSection
	GlobalSection(ProjectConfigurationPlatforms) = postSolution
		{E0C75AF0-A935-4A9F-8F85-FBD1928AC00B}.Debug|Win32.ActiveCfg = Debug|Win32
		{E0C75AF0-A935-4A9F-8F85-FBD1928AC00B}.Debug|Win32.Build.0 = Debug|Win32
		{E0C75AF0-A935-4A9F-8F85-FBD1928AC00B}.Release|Win32.ActiveCfg = Release|Win32
		{E0C75AF0-A935-4A9F-8F85-FBD1928AC00B}.Release|Win32.Build.0 = Release|Win32
		{BC186A0E-5CD6-439D-BB32-78CBD3389095}.Debug|Win32.ActiveCfg = Debug|Win32
		{BC186A0E-5CD6-439D-BB32-78CBD3389095}.Debug|Win32.Build.0 = Debug|Win32
		{BC186A0E-5CD6-439D-BB32-78CBD3389095}.Release|Win32.ActiveCfg = Release|Win32
		{BC186A0E-5CD6-439D-BB32-78CBD3389095}.Release|Win32.Build.0 = Release|Win32
		{BD460A81-9F1F-44CA-9B15-7241D3296A66}.Debug|Win32.ActiveCfg = Debug|Win32
		{BD460A81-9F1F-44CA-9B15-7241D3296A66}.Debug|Win32.Build.0 = Debug|Win32
		{BD460A81-9F1F-44CA-9B15-7241D3296A66}.Release|Win32.ActiveCfg = Release|Win32
		{BD460A81-9F1F-44CA-9B15-7241D3296A66}.Release|Win32.Build.0 = Release|Win32
	EndGlobalSection
	GlobalSection(SolutionProperties) = preSolution
		HideSolutionNode = FALSE
	EndGlobalSection
EndGlobal
