<?xml version="1.0" encoding="utf-8"?>
<Project ToolsVersion="4.0" xmlns="http://schemas.microsoft.com/developer/msbuild/2003">
  <ItemGroup>
    <ClInclude Include="..\Clock.h">
      <Filter>Clocking</Filter>
    </ClInclude>
    <ClInclude Include="..\Profiler.h">
      <Filter>Debug</Filter>
    </ClInclude>
    <ClInclude Include="..\Matrix3D.h">
      <Filter>Math\Matrix</Filter>
    </ClInclude>
    <ClInclude Include="..\Matrix.h">
      <Filter>Math\Matrix</Filter>
    </ClInclude>
    <ClInclude Include="..\Vector3D.h">
      <Filter>Math\Vector</Filter>
    </ClInclude>
    <ClInclude Include="..\Vector.h">
      <Filter>Math\Vector</Filter>
    </ClInclude>
    <ClInclude Include="..\Typedefs.h">
      <Filter>Random</Filter>
    </ClInclude>
    <ClInclude Include="..\Profile.h">
      <Filter>Debug</Filter>
    </ClInclude>
    <ClInclude Include="..\Matrix2DE.h">
      <Filter>Math\Matrix</Filter>
    </ClInclude>
    <ClInclude Include="..\Geometry.h">
      <Filter>Rendering System</Filter>
    </ClInclude>
    <ClInclude Include="..\Renderable.h">
      <Filter>Rendering System</Filter>
    </ClInclude>
    <ClInclude Include="..\Renderer.h">
      <Filter>Rendering System</Filter>
    </ClInclude>
    <ClInclude Include="..\Entity.h">
      <Filter>Entity</Filter>
    </ClInclude>
    <ClInclude Include="..\Component.h">
      <Filter>Entity</Filter>
    </ClInclude>
    <ClInclude Include="..\RendererComponent.h">
      <Filter>Entity\Components</Filter>
    </ClInclude>
    <ClInclude Include="..\PhysicsComponent.h">
      <Filter>Entity\Components</Filter>
    </ClInclude>
    <ClInclude Include="..\InputKeyMapper.h">
      <Filter>Input System</Filter>
    </ClInclude>
    <ClInclude Include="..\KeyInput.h">
      <Filter>Input System</Filter>
    </ClInclude>
    <ClInclude Include="..\GameClock.h">
      <Filter>Clocking</Filter>
    </ClInclude>
    <ClInclude Include="..\BoundaryComponent.h">
      <Filter>Entity\Components</Filter>
    </ClInclude>
    <ClInclude Include="..\LerpComponent.h">
      <Filter>Entity\Components</Filter>
    </ClInclude>
    <ClInclude Include="..\MouseComponent.h">
      <Filter>Entity\Components</Filter>
    </ClInclude>
    <ClInclude Include="..\TargetComponent.h">
      <Filter>Entity\Components</Filter>
    </ClInclude>
  </ItemGroup>
  <ItemGroup>
    <Filter Include="Math">
      <UniqueIdentifier>{36455ef7-a5d8-4ad1-adde-62fdbf85de7d}</UniqueIdentifier>
    </Filter>
    <Filter Include="Clocking">
      <UniqueIdentifier>{4f406267-448f-4622-8085-48d5deb1427a}</UniqueIdentifier>
    </Filter>
    <Filter Include="Debug">
      <UniqueIdentifier>{d809b055-8634-4054-9f79-42d0799c8106}</UniqueIdentifier>
    </Filter>
    <Filter Include="Math\Matrix">
      <UniqueIdentifier>{67c5e7f1-df3b-4277-9474-c0de34bf6c85}</UniqueIdentifier>
    </Filter>
    <Filter Include="Math\Vector">
      <UniqueIdentifier>{c20b04da-95d9-479b-a5bf-a676f440e4ca}</UniqueIdentifier>
    </Filter>
    <Filter Include="Random">
      <UniqueIdentifier>{54731885-a267-476d-8501-4b8349cf9c89}</UniqueIdentifier>
    </Filter>
    <Filter Include="Rendering System">
      <UniqueIdentifier>{25140da8-8331-4348-be2e-02af95195b54}</UniqueIdentifier>
    </Filter>
    <Filter Include="Entity">
      <UniqueIdentifier>{01c016a8-fdbf-40ea-a9d8-be2565af1f53}</UniqueIdentifier>
    </Filter>
    <Filter Include="Entity\Components">
      <UniqueIdentifier>{013bd38c-99c8-4e7e-8078-0ebc20b7f41d}</UniqueIdentifier>
    </Filter>
    <Filter Include="Input System">
      <UniqueIdentifier>{5daec550-505c-49ff-b0c4-740722cce65c}</UniqueIdentifier>
    </Filter>
  </ItemGroup>
  <ItemGroup>
    <ClCompile Include="..\Clock.cpp">
      <Filter>Clocking</Filter>
    </ClCompile>
    <ClCompile Include="..\Profiler.cpp">
      <Filter>Debug</Filter>
    </ClCompile>
    <ClCompile Include="..\Matrix.cpp">
      <Filter>Math\Matrix</Filter>
    </ClCompile>
    <ClCompile Include="..\Matrix3D.cpp">
      <Filter>Math\Matrix</Filter>
    </ClCompile>
    <ClCompile Include="..\Vector.cpp">
      <Filter>Math\Vector</Filter>
    </ClCompile>
    <ClCompile Include="..\Vector3D.cpp">
      <Filter>Math\Vector</Filter>
    </ClCompile>
    <ClCompile Include="..\Profile.cpp">
      <Filter>Debug</Filter>
    </ClCompile>
    <ClCompile Include="..\Matrix2DE.cpp">
      <Filter>Math\Matrix</Filter>
    </ClCompile>
    <ClCompile Include="..\Renderer.cpp">
      <Filter>Rendering System</Filter>
    </ClCompile>
    <ClCompile Include="..\Entity.cpp">
      <Filter>Entity</Filter>
    </ClCompile>
    <ClCompile Include="..\Component.cpp">
      <Filter>Entity</Filter>
    </ClCompile>
    <ClCompile Include="..\RendererComponent.cpp">
      <Filter>Entity\Components</Filter>
    </ClCompile>
    <ClCompile Include="..\PhysicsComponent.cpp">
      <Filter>Entity\Components</Filter>
    </ClCompile>
    <ClCompile Include="..\KeyInput.cpp">
      <Filter>Input System</Filter>
    </ClCompile>
    <ClCompile Include="..\GameClock.cpp">
      <Filter>Clocking</Filter>
    </ClCompile>
    <ClCompile Include="..\BoundaryComponent.cpp">
      <Filter>Entity\Components</Filter>
    </ClCompile>
    <ClCompile Include="..\LerpComponent.cpp">
      <Filter>Entity\Components</Filter>
    </ClCompile>
    <ClCompile Include="..\MouseComponent.cpp">
      <Filter>Entity\Components</Filter>
    </ClCompile>
    <ClCompile Include="..\TargetComponent.cpp">
      <Filter>Entity\Components</Filter>
    </ClCompile>
  </ItemGroup>
</Project>